
Microsoft Visual Studio Solution File, Format Version 12.00
# Visual Studio Version 16
VisualStudioVersion = 16.0.29920.165
MinimumVisualStudioVersion = 10.0.40219.1
Project("{FAE04EC0-301F-11D3-BF4B-00C04F79EFBC}") = "Example349", "Example349\Example349.csproj", "{CDBF5EBA-3AC4-4472-B88A-28005863BFBC}"
EndProject
Global
	GlobalSection(SolutionConfigurationPlatforms) = preSolution
		Debug|Any CPU = Debug|Any CPU
		Release|Any CPU = Release|Any CPU
	EndGlobalSection
	GlobalSection(ProjectConfigurationPlatforms) = postSolution
		{CDBF5EBA-3AC4-4472-B88A-28005863BFBC}.Debug|Any CPU.ActiveCfg = Debug|Any CPU
		{CDBF5EBA-3AC4-4472-B88A-28005863BFBC}.Debug|Any CPU.Build.0 = Debug|Any CPU
		{CDBF5EBA-3AC4-4472-B88A-28005863BFBC}.Release|Any CPU.ActiveCfg = Release|Any CPU
		{CDBF5EBA-3AC4-4472-B88A-28005863BFBC}.Release|Any CPU.Build.0 = Release|Any CPU
	EndGlobalSection
	GlobalSection(SolutionProperties) = preSolution
		HideSolutionNode = FALSE
	EndGlobalSection
	GlobalSection(ExtensibilityGlobals) = postSolution
		SolutionGuid = {30945E12-8FA4-4E4D-AEF6-77C9E3E81F53}
	EndGlobalSection
EndGlobal
