
Microsoft Visual Studio Solution File, Format Version 12.00
# Visual Studio Version 16
VisualStudioVersion = 16.0.29920.165
MinimumVisualStudioVersion = 10.0.40219.1
Project("{FAE04EC0-301F-11D3-BF4B-00C04F79EFBC}") = "Example365", "Example365\Example365.csproj", "{D8F4FD68-8F7E-4995-BB74-4D2982AAAC39}"
EndProject
Global
	GlobalSection(SolutionConfigurationPlatforms) = preSolution
		Debug|Any CPU = Debug|Any CPU
		Release|Any CPU = Release|Any CPU
	EndGlobalSection
	GlobalSection(ProjectConfigurationPlatforms) = postSolution
		{D8F4FD68-8F7E-4995-BB74-4D2982AAAC39}.Debug|Any CPU.ActiveCfg = Debug|Any CPU
		{D8F4FD68-8F7E-4995-BB74-4D2982AAAC39}.Debug|Any CPU.Build.0 = Debug|Any CPU
		{D8F4FD68-8F7E-4995-BB74-4D2982AAAC39}.Release|Any CPU.ActiveCfg = Release|Any CPU
		{D8F4FD68-8F7E-4995-BB74-4D2982AAAC39}.Release|Any CPU.Build.0 = Release|Any CPU
	EndGlobalSection
	GlobalSection(SolutionProperties) = preSolution
		HideSolutionNode = FALSE
	EndGlobalSection
	GlobalSection(ExtensibilityGlobals) = postSolution
		SolutionGuid = {E627670C-778D-4411-837A-8C161F384232}
	EndGlobalSection
EndGlobal
