
Microsoft Visual Studio Solution File, Format Version 12.00
# Visual Studio Version 16
VisualStudioVersion = 16.0.29920.165
MinimumVisualStudioVersion = 10.0.40219.1
Project("{FAE04EC0-301F-11D3-BF4B-00C04F79EFBC}") = "Example373", "Example373\Example373.csproj", "{B094481F-F3C1-4936-B728-BD66D48E09BA}"
EndProject
Global
	GlobalSection(SolutionConfigurationPlatforms) = preSolution
		Debug|Any CPU = Debug|Any CPU
		Release|Any CPU = Release|Any CPU
	EndGlobalSection
	GlobalSection(ProjectConfigurationPlatforms) = postSolution
		{B094481F-F3C1-4936-B728-BD66D48E09BA}.Debug|Any CPU.ActiveCfg = Debug|Any CPU
		{B094481F-F3C1-4936-B728-BD66D48E09BA}.Debug|Any CPU.Build.0 = Debug|Any CPU
		{B094481F-F3C1-4936-B728-BD66D48E09BA}.Release|Any CPU.ActiveCfg = Release|Any CPU
		{B094481F-F3C1-4936-B728-BD66D48E09BA}.Release|Any CPU.Build.0 = Release|Any CPU
	EndGlobalSection
	GlobalSection(SolutionProperties) = preSolution
		HideSolutionNode = FALSE
	EndGlobalSection
	GlobalSection(ExtensibilityGlobals) = postSolution
		SolutionGuid = {38B81802-0FD0-40EC-BD88-2B4FEB9F0B97}
	EndGlobalSection
EndGlobal
