
Microsoft Visual Studio Solution File, Format Version 12.00
# Visual Studio Version 16
VisualStudioVersion = 16.0.29920.165
MinimumVisualStudioVersion = 10.0.40219.1
Project("{FAE04EC0-301F-11D3-BF4B-00C04F79EFBC}") = "Example378", "Example378\Example378.csproj", "{0749E954-9E46-448A-9634-63D19524159F}"
EndProject
Global
	GlobalSection(SolutionConfigurationPlatforms) = preSolution
		Debug|Any CPU = Debug|Any CPU
		Release|Any CPU = Release|Any CPU
	EndGlobalSection
	GlobalSection(ProjectConfigurationPlatforms) = postSolution
		{0749E954-9E46-448A-9634-63D19524159F}.Debug|Any CPU.ActiveCfg = Debug|Any CPU
		{0749E954-9E46-448A-9634-63D19524159F}.Debug|Any CPU.Build.0 = Debug|Any CPU
		{0749E954-9E46-448A-9634-63D19524159F}.Release|Any CPU.ActiveCfg = Release|Any CPU
		{0749E954-9E46-448A-9634-63D19524159F}.Release|Any CPU.Build.0 = Release|Any CPU
	EndGlobalSection
	GlobalSection(SolutionProperties) = preSolution
		HideSolutionNode = FALSE
	EndGlobalSection
	GlobalSection(ExtensibilityGlobals) = postSolution
		SolutionGuid = {DADFD29C-E78B-431F-AA16-E8D0A69C294D}
	EndGlobalSection
EndGlobal
