
Microsoft Visual Studio Solution File, Format Version 12.00
# Visual Studio Version 16
VisualStudioVersion = 16.0.29920.165
MinimumVisualStudioVersion = 10.0.40219.1
Project("{FAE04EC0-301F-11D3-BF4B-00C04F79EFBC}") = "Example371", "Example371\Example371.csproj", "{46D86632-5D29-4722-B534-D243762127D5}"
EndProject
Global
	GlobalSection(SolutionConfigurationPlatforms) = preSolution
		Debug|Any CPU = Debug|Any CPU
		Release|Any CPU = Release|Any CPU
	EndGlobalSection
	GlobalSection(ProjectConfigurationPlatforms) = postSolution
		{46D86632-5D29-4722-B534-D243762127D5}.Debug|Any CPU.ActiveCfg = Debug|Any CPU
		{46D86632-5D29-4722-B534-D243762127D5}.Debug|Any CPU.Build.0 = Debug|Any CPU
		{46D86632-5D29-4722-B534-D243762127D5}.Release|Any CPU.ActiveCfg = Release|Any CPU
		{46D86632-5D29-4722-B534-D243762127D5}.Release|Any CPU.Build.0 = Release|Any CPU
	EndGlobalSection
	GlobalSection(SolutionProperties) = preSolution
		HideSolutionNode = FALSE
	EndGlobalSection
	GlobalSection(ExtensibilityGlobals) = postSolution
		SolutionGuid = {8C6B9FF9-91E7-480D-B9BB-8481C21F06D9}
	EndGlobalSection
EndGlobal
