
Microsoft Visual Studio Solution File, Format Version 12.00
# Visual Studio Version 16
VisualStudioVersion = 16.0.29920.165
MinimumVisualStudioVersion = 10.0.40219.1
Project("{FAE04EC0-301F-11D3-BF4B-00C04F79EFBC}") = "CSharpLearningWeb", "CSharpLearningWeb\CSharpLearningWeb.csproj", "{2EC1A8FB-C3E9-4B3B-8325-700CE433BC8E}"
EndProject
Global
	GlobalSection(SolutionConfigurationPlatforms) = preSolution
		Debug|Any CPU = Debug|Any CPU
		Release|Any CPU = Release|Any CPU
	EndGlobalSection
	GlobalSection(ProjectConfigurationPlatforms) = postSolution
		{2EC1A8FB-C3E9-4B3B-8325-700CE433BC8E}.Debug|Any CPU.ActiveCfg = Debug|Any CPU
		{2EC1A8FB-C3E9-4B3B-8325-700CE433BC8E}.Debug|Any CPU.Build.0 = Debug|Any CPU
		{2EC1A8FB-C3E9-4B3B-8325-700CE433BC8E}.Release|Any CPU.ActiveCfg = Release|Any CPU
		{2EC1A8FB-C3E9-4B3B-8325-700CE433BC8E}.Release|Any CPU.Build.0 = Release|Any CPU
	EndGlobalSection
	GlobalSection(SolutionProperties) = preSolution
		HideSolutionNode = FALSE
	EndGlobalSection
	GlobalSection(ExtensibilityGlobals) = postSolution
		SolutionGuid = {7EC2697B-9BF5-47E6-BF6A-B0A79E4DF9D5}
	EndGlobalSection
EndGlobal
