
Microsoft Visual Studio Solution File, Format Version 12.00
# Visual Studio Version 16
VisualStudioVersion = 16.0.29920.165
MinimumVisualStudioVersion = 10.0.40219.1
Project("{FAE04EC0-301F-11D3-BF4B-00C04F79EFBC}") = "Example359", "Example359\Example359.csproj", "{75DC61CB-D158-4FD4-BDFB-5E38D9296A39}"
EndProject
Global
	GlobalSection(SolutionConfigurationPlatforms) = preSolution
		Debug|Any CPU = Debug|Any CPU
		Release|Any CPU = Release|Any CPU
	EndGlobalSection
	GlobalSection(ProjectConfigurationPlatforms) = postSolution
		{75DC61CB-D158-4FD4-BDFB-5E38D9296A39}.Debug|Any CPU.ActiveCfg = Debug|Any CPU
		{75DC61CB-D158-4FD4-BDFB-5E38D9296A39}.Debug|Any CPU.Build.0 = Debug|Any CPU
		{75DC61CB-D158-4FD4-BDFB-5E38D9296A39}.Release|Any CPU.ActiveCfg = Release|Any CPU
		{75DC61CB-D158-4FD4-BDFB-5E38D9296A39}.Release|Any CPU.Build.0 = Release|Any CPU
	EndGlobalSection
	GlobalSection(SolutionProperties) = preSolution
		HideSolutionNode = FALSE
	EndGlobalSection
	GlobalSection(ExtensibilityGlobals) = postSolution
		SolutionGuid = {4399214E-1F70-4F94-B6C8-74D22A12CD59}
	EndGlobalSection
EndGlobal
