
Microsoft Visual Studio Solution File, Format Version 12.00
# Visual Studio Version 16
VisualStudioVersion = 16.0.29920.165
MinimumVisualStudioVersion = 10.0.40219.1
Project("{FAE04EC0-301F-11D3-BF4B-00C04F79EFBC}") = "Example364", "Example364\Example364.csproj", "{0DA3F49F-CC27-4847-AC8A-8E1FFEEED841}"
EndProject
Global
	GlobalSection(SolutionConfigurationPlatforms) = preSolution
		Debug|Any CPU = Debug|Any CPU
		Release|Any CPU = Release|Any CPU
	EndGlobalSection
	GlobalSection(ProjectConfigurationPlatforms) = postSolution
		{0DA3F49F-CC27-4847-AC8A-8E1FFEEED841}.Debug|Any CPU.ActiveCfg = Debug|Any CPU
		{0DA3F49F-CC27-4847-AC8A-8E1FFEEED841}.Debug|Any CPU.Build.0 = Debug|Any CPU
		{0DA3F49F-CC27-4847-AC8A-8E1FFEEED841}.Release|Any CPU.ActiveCfg = Release|Any CPU
		{0DA3F49F-CC27-4847-AC8A-8E1FFEEED841}.Release|Any CPU.Build.0 = Release|Any CPU
	EndGlobalSection
	GlobalSection(SolutionProperties) = preSolution
		HideSolutionNode = FALSE
	EndGlobalSection
	GlobalSection(ExtensibilityGlobals) = postSolution
		SolutionGuid = {B26A4211-677B-4261-A4B1-419C3CF25409}
	EndGlobalSection
EndGlobal
