
Microsoft Visual Studio Solution File, Format Version 12.00
# Visual Studio Version 16
VisualStudioVersion = 16.0.29920.165
MinimumVisualStudioVersion = 10.0.40219.1
Project("{FAE04EC0-301F-11D3-BF4B-00C04F79EFBC}") = "Example360", "Example360\Example360.csproj", "{FA433053-5C36-442C-BCA5-B72E99EF157B}"
EndProject
Global
	GlobalSection(SolutionConfigurationPlatforms) = preSolution
		Debug|Any CPU = Debug|Any CPU
		Release|Any CPU = Release|Any CPU
	EndGlobalSection
	GlobalSection(ProjectConfigurationPlatforms) = postSolution
		{FA433053-5C36-442C-BCA5-B72E99EF157B}.Debug|Any CPU.ActiveCfg = Debug|Any CPU
		{FA433053-5C36-442C-BCA5-B72E99EF157B}.Debug|Any CPU.Build.0 = Debug|Any CPU
		{FA433053-5C36-442C-BCA5-B72E99EF157B}.Release|Any CPU.ActiveCfg = Release|Any CPU
		{FA433053-5C36-442C-BCA5-B72E99EF157B}.Release|Any CPU.Build.0 = Release|Any CPU
	EndGlobalSection
	GlobalSection(SolutionProperties) = preSolution
		HideSolutionNode = FALSE
	EndGlobalSection
	GlobalSection(ExtensibilityGlobals) = postSolution
		SolutionGuid = {9E0FBA24-BF37-4085-8035-7A2612EAB64F}
	EndGlobalSection
EndGlobal
