
Microsoft Visual Studio Solution File, Format Version 12.00
# Visual Studio Version 16
VisualStudioVersion = 16.0.29920.165
MinimumVisualStudioVersion = 10.0.40219.1
Project("{FAE04EC0-301F-11D3-BF4B-00C04F79EFBC}") = "Example376", "Example376\Example376.csproj", "{72540CDE-8F76-4F88-846B-5B9B213D1ED0}"
EndProject
Global
	GlobalSection(SolutionConfigurationPlatforms) = preSolution
		Debug|Any CPU = Debug|Any CPU
		Release|Any CPU = Release|Any CPU
	EndGlobalSection
	GlobalSection(ProjectConfigurationPlatforms) = postSolution
		{72540CDE-8F76-4F88-846B-5B9B213D1ED0}.Debug|Any CPU.ActiveCfg = Debug|Any CPU
		{72540CDE-8F76-4F88-846B-5B9B213D1ED0}.Debug|Any CPU.Build.0 = Debug|Any CPU
		{72540CDE-8F76-4F88-846B-5B9B213D1ED0}.Release|Any CPU.ActiveCfg = Release|Any CPU
		{72540CDE-8F76-4F88-846B-5B9B213D1ED0}.Release|Any CPU.Build.0 = Release|Any CPU
	EndGlobalSection
	GlobalSection(SolutionProperties) = preSolution
		HideSolutionNode = FALSE
	EndGlobalSection
	GlobalSection(ExtensibilityGlobals) = postSolution
		SolutionGuid = {3820C093-F473-4160-A810-67C3A12FEC19}
	EndGlobalSection
EndGlobal
