
Microsoft Visual Studio Solution File, Format Version 12.00
# Visual Studio Version 16
VisualStudioVersion = 16.0.29920.165
MinimumVisualStudioVersion = 10.0.40219.1
Project("{FAE04EC0-301F-11D3-BF4B-00C04F79EFBC}") = "Example351", "Example351\Example351.csproj", "{28A3B83F-8699-4D6E-8692-FD39D7DD5886}"
EndProject
Global
	GlobalSection(SolutionConfigurationPlatforms) = preSolution
		Debug|Any CPU = Debug|Any CPU
		Release|Any CPU = Release|Any CPU
	EndGlobalSection
	GlobalSection(ProjectConfigurationPlatforms) = postSolution
		{28A3B83F-8699-4D6E-8692-FD39D7DD5886}.Debug|Any CPU.ActiveCfg = Debug|Any CPU
		{28A3B83F-8699-4D6E-8692-FD39D7DD5886}.Debug|Any CPU.Build.0 = Debug|Any CPU
		{28A3B83F-8699-4D6E-8692-FD39D7DD5886}.Release|Any CPU.ActiveCfg = Release|Any CPU
		{28A3B83F-8699-4D6E-8692-FD39D7DD5886}.Release|Any CPU.Build.0 = Release|Any CPU
	EndGlobalSection
	GlobalSection(SolutionProperties) = preSolution
		HideSolutionNode = FALSE
	EndGlobalSection
	GlobalSection(ExtensibilityGlobals) = postSolution
		SolutionGuid = {0E4B82D2-4AD0-4F64-9A3B-F6752BD33BEC}
	EndGlobalSection
EndGlobal
