
Microsoft Visual Studio Solution File, Format Version 12.00
# Visual Studio Version 16
VisualStudioVersion = 16.0.29920.165
MinimumVisualStudioVersion = 10.0.40219.1
Project("{FAE04EC0-301F-11D3-BF4B-00C04F79EFBC}") = "Example362", "Example362\Example362.csproj", "{48EEADFE-F042-410A-B2AE-411F168C5FF5}"
EndProject
Global
	GlobalSection(SolutionConfigurationPlatforms) = preSolution
		Debug|Any CPU = Debug|Any CPU
		Release|Any CPU = Release|Any CPU
	EndGlobalSection
	GlobalSection(ProjectConfigurationPlatforms) = postSolution
		{48EEADFE-F042-410A-B2AE-411F168C5FF5}.Debug|Any CPU.ActiveCfg = Debug|Any CPU
		{48EEADFE-F042-410A-B2AE-411F168C5FF5}.Debug|Any CPU.Build.0 = Debug|Any CPU
		{48EEADFE-F042-410A-B2AE-411F168C5FF5}.Release|Any CPU.ActiveCfg = Release|Any CPU
		{48EEADFE-F042-410A-B2AE-411F168C5FF5}.Release|Any CPU.Build.0 = Release|Any CPU
	EndGlobalSection
	GlobalSection(SolutionProperties) = preSolution
		HideSolutionNode = FALSE
	EndGlobalSection
	GlobalSection(ExtensibilityGlobals) = postSolution
		SolutionGuid = {140908D0-83B6-4A19-B53C-89F0259787E1}
	EndGlobalSection
EndGlobal
